// !$*UTF8*$!
{
	archiveVersion = 1;
	classes = {
	};
	objectVersion = 51;
	objects = {

/* Begin PBXBuildFile section */
		3955CF9E22CAC96E0052BD99 /* Item.swift in Sources */ = {isa = PBXBuildFile; fileRef = 3955CF9D22CAC96E0052BD99 /* Item.swift */; };
		3955CFA022CAC9820052BD99 /* Category.swift in Sources */ = {isa = PBXBuildFile; fileRef = 3955CF9F22CAC9820052BD99 /* Category.swift */; };
		395D34F022CA9DEC000982CC /* CategoryViewController.swift in Sources */ = {isa = PBXBuildFile; fileRef = 395D34EF22CA9DEC000982CC /* CategoryViewController.swift */; };
		3990BAB022C6BD1200D88DC1 /* AppDelegate.swift in Sources */ = {isa = PBXBuildFile; fileRef = 3990BAAF22C6BD1200D88DC1 /* AppDelegate.swift */; };
		3990BAB222C6BD1200D88DC1 /* ToDoListViewController.swift in Sources */ = {isa = PBXBuildFile; fileRef = 3990BAB122C6BD1200D88DC1 /* ToDoListViewController.swift */; };
		3990BAB522C6BD1200D88DC1 /* Main.storyboard in Resources */ = {isa = PBXBuildFile; fileRef = 3990BAB322C6BD1200D88DC1 /* Main.storyboard */; };
		3990BAB722C6BD1300D88DC1 /* Assets.xcassets in Resources */ = {isa = PBXBuildFile; fileRef = 3990BAB622C6BD1300D88DC1 /* Assets.xcassets */; };
		3990BABA22C6BD1300D88DC1 /* LaunchScreen.storyboard in Resources */ = {isa = PBXBuildFile; fileRef = 3990BAB822C6BD1300D88DC1 /* LaunchScreen.storyboard */; };
		6A36417322DBDEB6B820954C /* Pods_ToDoey.framework in Frameworks */ = {isa = PBXBuildFile; fileRef = 9579EE7D755E581EDAC2EB95 /* Pods_ToDoey.framework */; };
/* End PBXBuildFile section */

/* Begin PBXFileReference section */
		3955CF9D22CAC96E0052BD99 /* Item.swift */ = {isa = PBXFileReference; lastKnownFileType = sourcecode.swift; path = Item.swift; sourceTree = "<group>"; };
		3955CF9F22CAC9820052BD99 /* Category.swift */ = {isa = PBXFileReference; lastKnownFileType = sourcecode.swift; path = Category.swift; sourceTree = "<group>"; };
		395D34EF22CA9DEC000982CC /* CategoryViewController.swift */ = {isa = PBXFileReference; lastKnownFileType = sourcecode.swift; path = CategoryViewController.swift; sourceTree = "<group>"; };
		3990BAAC22C6BD1200D88DC1 /* ToDoey.app */ = {isa = PBXFileReference; explicitFileType = wrapper.application; includeInIndex = 0; path = ToDoey.app; sourceTree = BUILT_PRODUCTS_DIR; };
		3990BAAF22C6BD1200D88DC1 /* AppDelegate.swift */ = {isa = PBXFileReference; lastKnownFileType = sourcecode.swift; path = AppDelegate.swift; sourceTree = "<group>"; };
		3990BAB122C6BD1200D88DC1 /* ToDoListViewController.swift */ = {isa = PBXFileReference; lastKnownFileType = sourcecode.swift; path = ToDoListViewController.swift; sourceTree = "<group>"; };
		3990BAB422C6BD1200D88DC1 /* Base */ = {isa = PBXFileReference; lastKnownFileType = file.storyboard; name = Base; path = Base.lproj/Main.storyboard; sourceTree = "<group>"; };
		3990BAB622C6BD1300D88DC1 /* Assets.xcassets */ = {isa = PBXFileReference; lastKnownFileType = folder.assetcatalog; path = Assets.xcassets; sourceTree = "<group>"; };
		3990BAB922C6BD1300D88DC1 /* Base */ = {isa = PBXFileReference; lastKnownFileType = file.storyboard; name = Base; path = Base.lproj/LaunchScreen.storyboard; sourceTree = "<group>"; };
		3990BABB22C6BD1300D88DC1 /* Info.plist */ = {isa = PBXFileReference; lastKnownFileType = text.plist.xml; path = Info.plist; sourceTree = "<group>"; };
		4E536068DD0AE692DF2DAC8E /* Pods-ToDoey.debug.xcconfig */ = {isa = PBXFileReference; includeInIndex = 1; lastKnownFileType = text.xcconfig; name = "Pods-ToDoey.debug.xcconfig"; path = "Target Support Files/Pods-ToDoey/Pods-ToDoey.debug.xcconfig"; sourceTree = "<group>"; };
		9579EE7D755E581EDAC2EB95 /* Pods_ToDoey.framework */ = {isa = PBXFileReference; explicitFileType = wrapper.framework; includeInIndex = 0; path = Pods_ToDoey.framework; sourceTree = BUILT_PRODUCTS_DIR; };
		BEB237744BA9EF3E91D9E337 /* Pods-ToDoey.release.xcconfig */ = {isa = PBXFileReference; includeInIndex = 1; lastKnownFileType = text.xcconfig; name = "Pods-ToDoey.release.xcconfig"; path = "Target Support Files/Pods-ToDoey/Pods-ToDoey.release.xcconfig"; sourceTree = "<group>"; };
/* End PBXFileReference section */

/* Begin PBXFrameworksBuildPhase section */
		3990BAA922C6BD1200D88DC1 /* Frameworks */ = {
			isa = PBXFrameworksBuildPhase;
			buildActionMask = 2147483647;
			files = (
				6A36417322DBDEB6B820954C /* Pods_ToDoey.framework in Frameworks */,
			);
			runOnlyForDeploymentPostprocessing = 0;
		};
/* End PBXFrameworksBuildPhase section */

/* Begin PBXGroup section */
		3990BAA322C6BD1200D88DC1 = {
			isa = PBXGroup;
			children = (
				3990BAAE22C6BD1200D88DC1 /* ToDoey */,
				3990BAAD22C6BD1200D88DC1 /* Products */,
				5E28E44B1DD10EADB40B7357 /* Pods */,
				C7DF26514B79E3763F976A8B /* Frameworks */,
			);
			sourceTree = "<group>";
		};
		3990BAAD22C6BD1200D88DC1 /* Products */ = {
			isa = PBXGroup;
			children = (
				3990BAAC22C6BD1200D88DC1 /* ToDoey.app */,
			);
			name = Products;
			sourceTree = "<group>";
		};
		3990BAAE22C6BD1200D88DC1 /* ToDoey */ = {
			isa = PBXGroup;
			children = (
				3990BAAF22C6BD1200D88DC1 /* AppDelegate.swift */,
				39E7361B22C83376005020E8 /* Data Model */,
				39E7361C22C833B4005020E8 /* Controllers */,
				39E7361D22C833C0005020E8 /* Views */,
				39E7361E22C83430005020E8 /* Supporting Files */,
				3990BABB22C6BD1300D88DC1 /* Info.plist */,
			);
			path = ToDoey;
			sourceTree = "<group>";
		};
		39E7361B22C83376005020E8 /* Data Model */ = {
			isa = PBXGroup;
			children = (
				3955CF9F22CAC9820052BD99 /* Category.swift */,
				3955CF9D22CAC96E0052BD99 /* Item.swift */,
			);
			path = "Data Model";
			sourceTree = "<group>";
		};
		39E7361C22C833B4005020E8 /* Controllers */ = {
			isa = PBXGroup;
			children = (
				395D34EF22CA9DEC000982CC /* CategoryViewController.swift */,
				3990BAB122C6BD1200D88DC1 /* ToDoListViewController.swift */,
			);
			path = Controllers;
			sourceTree = "<group>";
		};
		39E7361D22C833C0005020E8 /* Views */ = {
			isa = PBXGroup;
			children = (
				3990BAB322C6BD1200D88DC1 /* Main.storyboard */,
			);
			path = Views;
			sourceTree = "<group>";
		};
		39E7361E22C83430005020E8 /* Supporting Files */ = {
			isa = PBXGroup;
			children = (
				3990BAB622C6BD1300D88DC1 /* Assets.xcassets */,
				3990BAB822C6BD1300D88DC1 /* LaunchScreen.storyboard */,
			);
			path = "Supporting Files";
			sourceTree = "<group>";
		};
		5E28E44B1DD10EADB40B7357 /* Pods */ = {
			isa = PBXGroup;
			children = (
				4E536068DD0AE692DF2DAC8E /* Pods-ToDoey.debug.xcconfig */,
				BEB237744BA9EF3E91D9E337 /* Pods-ToDoey.release.xcconfig */,
			);
			path = Pods;
			sourceTree = "<group>";
		};
		C7DF26514B79E3763F976A8B /* Frameworks */ = {
			isa = PBXGroup;
			children = (
				9579EE7D755E581EDAC2EB95 /* Pods_ToDoey.framework */,
			);
			name = Frameworks;
			sourceTree = "<group>";
		};
/* End PBXGroup section */

/* Begin PBXNativeTarget section */
		3990BAAB22C6BD1200D88DC1 /* ToDoey */ = {
			isa = PBXNativeTarget;
			buildConfigurationList = 3990BABE22C6BD1300D88DC1 /* Build configuration list for PBXNativeTarget "ToDoey" */;
			buildPhases = (
				32683FEA6D854F3FA21E72C7 /* [CP] Check Pods Manifest.lock */,
				3990BAA822C6BD1200D88DC1 /* Sources */,
				3990BAA922C6BD1200D88DC1 /* Frameworks */,
				3990BAAA22C6BD1200D88DC1 /* Resources */,
				79FB78D560EBECA1B3A82B86 /* [CP] Embed Pods Frameworks */,
			);
			buildRules = (
			);
			dependencies = (
			);
			name = ToDoey;
			productName = ToDoey;
			productReference = 3990BAAC22C6BD1200D88DC1 /* ToDoey.app */;
			productType = "com.apple.product-type.application";
		};
/* End PBXNativeTarget section */

/* Begin PBXProject section */
		3990BAA422C6BD1200D88DC1 /* Project object */ = {
			isa = PBXProject;
			attributes = {
				LastSwiftUpdateCheck = 1020;
				LastUpgradeCheck = 1020;
				ORGANIZATIONNAME = "Robyn Monger";
				TargetAttributes = {
					3990BAAB22C6BD1200D88DC1 = {
						CreatedOnToolsVersion = 10.2.1;
					};
				};
			};
			buildConfigurationList = 3990BAA722C6BD1200D88DC1 /* Build configuration list for PBXProject "ToDoey" */;
			compatibilityVersion = "Xcode 9.3";
			developmentRegion = en;
			hasScannedForEncodings = 0;
			knownRegions = (
				en,
				Base,
			);
			mainGroup = 3990BAA322C6BD1200D88DC1;
			productRefGroup = 3990BAAD22C6BD1200D88DC1 /* Products */;
			projectDirPath = "";
			projectRoot = "";
			targets = (
				3990BAAB22C6BD1200D88DC1 /* ToDoey */,
			);
		};
/* End PBXProject section */

/* Begin PBXResourcesBuildPhase section */
		3990BAAA22C6BD1200D88DC1 /* Resources */ = {
			isa = PBXResourcesBuildPhase;
			buildActionMask = 2147483647;
			files = (
				3990BABA22C6BD1300D88DC1 /* LaunchScreen.storyboard in Resources */,
				3990BAB722C6BD1300D88DC1 /* Assets.xcassets in Resources */,
				3990BAB522C6BD1200D88DC1 /* Main.storyboard in Resources */,
			);
			runOnlyForDeploymentPostprocessing = 0;
		};
/* End PBXResourcesBuildPhase section */

/* Begin PBXShellScriptBuildPhase section */
		32683FEA6D854F3FA21E72C7 /* [CP] Check Pods Manifest.lock */ = {
			isa = PBXShellScriptBuildPhase;
			buildActionMask = 2147483647;
			files = (
			);
			inputFileListPaths = (
			);
			inputPaths = (
				"${PODS_PODFILE_DIR_PATH}/Podfile.lock",
				"${PODS_ROOT}/Manifest.lock",
			);
			name = "[CP] Check Pods Manifest.lock";
			outputFileListPaths = (
			);
			outputPaths = (
				"$(DERIVED_FILE_DIR)/Pods-ToDoey-checkManifestLockResult.txt",
			);
			runOnlyForDeploymentPostprocessing = 0;
			shellPath = /bin/sh;
			shellScript = "diff \"${PODS_PODFILE_DIR_PATH}/Podfile.lock\" \"${PODS_ROOT}/Manifest.lock\" > /dev/null\nif [ $? != 0 ] ; then\n    # print error to STDERR\n    echo \"error: The sandbox is not in sync with the Podfile.lock. Run 'pod install' or update your CocoaPods installation.\" >&2\n    exit 1\nfi\n# This output is used by Xcode 'outputs' to avoid re-running this script phase.\necho \"SUCCESS\" > \"${SCRIPT_OUTPUT_FILE_0}\"\n";
			showEnvVarsInLog = 0;
		};
		79FB78D560EBECA1B3A82B86 /* [CP] Embed Pods Frameworks */ = {
			isa = PBXShellScriptBuildPhase;
			buildActionMask = 2147483647;
			files = (
			);
			inputFileListPaths = (
				"${PODS_ROOT}/Target Support Files/Pods-ToDoey/Pods-ToDoey-frameworks-${CONFIGURATION}-input-files.xcfilelist",
			);
			name = "[CP] Embed Pods Frameworks";
			outputFileListPaths = (
				"${PODS_ROOT}/Target Support Files/Pods-ToDoey/Pods-ToDoey-frameworks-${CONFIGURATION}-output-files.xcfilelist",
			);
			runOnlyForDeploymentPostprocessing = 0;
			shellPath = /bin/sh;
			shellScript = "\"${PODS_ROOT}/Target Support Files/Pods-ToDoey/Pods-ToDoey-frameworks.sh\"\n";
			showEnvVarsInLog = 0;
		};
/* End PBXShellScriptBuildPhase section */

/* Begin PBXSourcesBuildPhase section */
		3990BAA822C6BD1200D88DC1 /* Sources */ = {
			isa = PBXSourcesBuildPhase;
			buildActionMask = 2147483647;
			files = (
				3955CF9E22CAC96E0052BD99 /* Item.swift in Sources */,
				395D34F022CA9DEC000982CC /* CategoryViewController.swift in Sources */,
				3990BAB222C6BD1200D88DC1 /* ToDoListViewController.swift in Sources */,
				3990BAB022C6BD1200D88DC1 /* AppDelegate.swift in Sources */,
				3955CFA022CAC9820052BD99 /* Category.swift in Sources */,
			);
			runOnlyForDeploymentPostprocessing = 0;
		};
/* End PBXSourcesBuildPhase section */

/* Begin PBXVariantGroup section */
		3990BAB322C6BD1200D88DC1 /* Main.storyboard */ = {
			isa = PBXVariantGroup;
			children = (
				3990BAB422C6BD1200D88DC1 /* Base */,
			);
			name = Main.storyboard;
			sourceTree = "<group>";
		};
		3990BAB822C6BD1300D88DC1 /* LaunchScreen.storyboard */ = {
			isa = PBXVariantGroup;
			children = (
				3990BAB922C6BD1300D88DC1 /* Base */,
			);
			name = LaunchScreen.storyboard;
			sourceTree = "<group>";
		};
/* End PBXVariantGroup section */

/* Begin XCBuildConfiguration section */
		3990BABC22C6BD1300D88DC1 /* Debug */ = {
			isa = XCBuildConfiguration;
			buildSettings = {
				ALWAYS_SEARCH_USER_PATHS = NO;
				CLANG_ANALYZER_NONNULL = YES;
				CLANG_ANALYZER_NUMBER_OBJECT_CONVERSION = YES_AGGRESSIVE;
				CLANG_CXX_LANGUAGE_STANDARD = "gnu++14";
				CLANG_CXX_LIBRARY = "libc++";
				CLANG_ENABLE_MODULES = YES;
				CLANG_ENABLE_OBJC_ARC = YES;
				CLANG_ENABLE_OBJC_WEAK = YES;
				CLANG_WARN_BLOCK_CAPTURE_AUTORELEASING = YES;
				CLANG_WARN_BOOL_CONVERSION = YES;
				CLANG_WARN_COMMA = YES;
				CLANG_WARN_CONSTANT_CONVERSION = YES;
				CLANG_WARN_DEPRECATED_OBJC_IMPLEMENTATIONS = YES;
				CLANG_WARN_DIRECT_OBJC_ISA_USAGE = YES_ERROR;
				CLANG_WARN_DOCUMENTATION_COMMENTS = YES;
				CLANG_WARN_EMPTY_BODY = YES;
				CLANG_WARN_ENUM_CONVERSION = YES;
				CLANG_WARN_INFINITE_RECURSION = YES;
				CLANG_WARN_INT_CONVERSION = YES;
				CLANG_WARN_NON_LITERAL_NULL_CONVERSION = YES;
				CLANG_WARN_OBJC_IMPLICIT_RETAIN_SELF = YES;
				CLANG_WARN_OBJC_LITERAL_CONVERSION = YES;
				CLANG_WARN_OBJC_ROOT_CLASS = YES_ERROR;
				CLANG_WARN_RANGE_LOOP_ANALYSIS = YES;
				CLANG_WARN_STRICT_PROTOTYPES = YES;
				CLANG_WARN_SUSPICIOUS_MOVE = YES;
				CLANG_WARN_UNGUARDED_AVAILABILITY = YES_AGGRESSIVE;
				CLANG_WARN_UNREACHABLE_CODE = YES;
				CLANG_WARN__DUPLICATE_METHOD_MATCH = YES;
				CODE_SIGN_IDENTITY = "iPhone Developer";
				COPY_PHASE_STRIP = NO;
				DEBUG_INFORMATION_FORMAT = dwarf;
				ENABLE_STRICT_OBJC_MSGSEND = YES;
				ENABLE_TESTABILITY = YES;
				GCC_C_LANGUAGE_STANDARD = gnu11;
				GCC_DYNAMIC_NO_PIC = NO;
				GCC_NO_COMMON_BLOCKS = YES;
				GCC_OPTIMIZATION_LEVEL = 0;
				GCC_PREPROCESSOR_DEFINITIONS = (
					"DEBUG=1",
					"$(inherited)",
				);
				GCC_WARN_64_TO_32_BIT_CONVERSION = YES;
				GCC_WARN_ABOUT_RETURN_TYPE = YES_ERROR;
				GCC_WARN_UNDECLARED_SELECTOR = YES;
				GCC_WARN_UNINITIALIZED_AUTOS = YES_AGGRESSIVE;
				GCC_WARN_UNUSED_FUNCTION = YES;
				GCC_WARN_UNUSED_VARIABLE = YES;
				IPHONEOS_DEPLOYMENT_TARGET = 12.2;
				MTL_ENABLE_DEBUG_INFO = INCLUDE_SOURCE;
				MTL_FAST_MATH = YES;
				ONLY_ACTIVE_ARCH = YES;
				SDKROOT = iphoneos;
				SWIFT_ACTIVE_COMPILATION_CONDITIONS = DEBUG;
				SWIFT_OPTIMIZATION_LEVEL = "-Onone";
			};
			name = Debug;
		};
		3990BABD22C6BD1300D88DC1 /* Release */ = {
			isa = XCBuildConfiguration;
			buildSettings = {
				ALWAYS_SEARCH_USER_PATHS = NO;
				CLANG_ANALYZER_NONNULL = YES;
				CLANG_ANALYZER_NUMBER_OBJECT_CONVERSION = YES_AGGRESSIVE;
				CLANG_CXX_LANGUAGE_STANDARD = "gnu++14";
				CLANG_CXX_LIBRARY = "libc++";
				CLANG_ENABLE_MODULES = YES;
				CLANG_ENABLE_OBJC_ARC = YES;
				CLANG_ENABLE_OBJC_WEAK = YES;
				CLANG_WARN_BLOCK_CAPTURE_AUTORELEASING = YES;
				CLANG_WARN_BOOL_CONVERSION = YES;
				CLANG_WARN_COMMA = YES;
				CLANG_WARN_CONSTANT_CONVERSION = YES;
				CLANG_WARN_DEPRECATED_OBJC_IMPLEMENTATIONS = YES;
				CLANG_WARN_DIRECT_OBJC_ISA_USAGE = YES_ERROR;
				CLANG_WARN_DOCUMENTATION_COMMENTS = YES;
				CLANG_WARN_EMPTY_BODY = YES;
				CLANG_WARN_ENUM_CONVERSION = YES;
				CLANG_WARN_INFINITE_RECURSION = YES;
				CLANG_WARN_INT_CONVERSION = YES;
				CLANG_WARN_NON_LITERAL_NULL_CONVERSION = YES;
				CLANG_WARN_OBJC_IMPLICIT_RETAIN_SELF = YES;
				CLANG_WARN_OBJC_LITERAL_CONVERSION = YES;
				CLANG_WARN_OBJC_ROOT_CLASS = YES_ERROR;
				CLANG_WARN_RANGE_LOOP_ANALYSIS = YES;
				CLANG_WARN_STRICT_PROTOTYPES = YES;
				CLANG_WARN_SUSPICIOUS_MOVE = YES;
				CLANG_WARN_UNGUARDED_AVAILABILITY = YES_AGGRESSIVE;
				CLANG_WARN_UNREACHABLE_CODE = YES;
				CLANG_WARN__DUPLICATE_METHOD_MATCH = YES;
				CODE_SIGN_IDENTITY = "iPhone Developer";
				COPY_PHASE_STRIP = NO;
				DEBUG_INFORMATION_FORMAT = "dwarf-with-dsym";
				ENABLE_NS_ASSERTIONS = NO;
				ENABLE_STRICT_OBJC_MSGSEND = YES;
				GCC_C_LANGUAGE_STANDARD = gnu11;
				GCC_NO_COMMON_BLOCKS = YES;
				GCC_WARN_64_TO_32_BIT_CONVERSION = YES;
				GCC_WARN_ABOUT_RETURN_TYPE = YES_ERROR;
				GCC_WARN_UNDECLARED_SELECTOR = YES;
				GCC_WARN_UNINITIALIZED_AUTOS = YES_AGGRESSIVE;
				GCC_WARN_UNUSED_FUNCTION = YES;
				GCC_WARN_UNUSED_VARIABLE = YES;
				IPHONEOS_DEPLOYMENT_TARGET = 12.2;
				MTL_ENABLE_DEBUG_INFO = NO;
				MTL_FAST_MATH = YES;
				SDKROOT = iphoneos;
				SWIFT_COMPILATION_MODE = wholemodule;
				SWIFT_OPTIMIZATION_LEVEL = "-O";
				VALIDATE_PRODUCT = YES;
			};
			name = Release;
		};
		3990BABF22C6BD1300D88DC1 /* Debug */ = {
			isa = XCBuildConfiguration;
			baseConfigurationReference = 4E536068DD0AE692DF2DAC8E /* Pods-ToDoey.debug.xcconfig */;
			buildSettings = {
				ASSETCATALOG_COMPILER_APPICON_NAME = AppIcon;
				CODE_SIGN_STYLE = Automatic;
				DEVELOPMENT_TEAM = GW77WRDWG2;
				INFOPLIST_FILE = ToDoey/Info.plist;
				LD_RUNPATH_SEARCH_PATHS = (
					"$(inherited)",
					"@executable_path/Frameworks",
				);
				PRODUCT_BUNDLE_IDENTIFIER = com.Robyn.Monger.ToDoey;
				PRODUCT_NAME = "$(TARGET_NAME)";
				SWIFT_VERSION = 5.0;
				TARGETED_DEVICE_FAMILY = "1,2";
			};
			name = Debug;
		};
		3990BAC022C6BD1300D88DC1 /* Release */ = {
			isa = XCBuildConfiguration;
			baseConfigurationReference = BEB237744BA9EF3E91D9E337 /* Pods-ToDoey.release.xcconfig */;
			buildSettings = {
				ASSETCATALOG_COMPILER_APPICON_NAME = AppIcon;
				CODE_SIGN_STYLE = Automatic;
				DEVELOPMENT_TEAM = GW77WRDWG2;
				INFOPLIST_FILE = ToDoey/Info.plist;
				LD_RUNPATH_SEARCH_PATHS = (
					"$(inherited)",
					"@executable_path/Frameworks",
				);
				PRODUCT_BUNDLE_IDENTIFIER = com.Robyn.Monger.ToDoey;
				PRODUCT_NAME = "$(TARGET_NAME)";
				SWIFT_VERSION = 5.0;
				TARGETED_DEVICE_FAMILY = "1,2";
			};
			name = Release;
		};
/* End XCBuildConfiguration section */

/* Begin XCConfigurationList section */
		3990BAA722C6BD1200D88DC1 /* Build configuration list for PBXProject "ToDoey" */ = {
			isa = XCConfigurationList;
			buildConfigurations = (
				3990BABC22C6BD1300D88DC1 /* Debug */,
				3990BABD22C6BD1300D88DC1 /* Release */,
			);
			defaultConfigurationIsVisible = 0;
			defaultConfigurationName = Release;
		};
		3990BABE22C6BD1300D88DC1 /* Build configuration list for PBXNativeTarget "ToDoey" */ = {
			isa = XCConfigurationList;
			buildConfigurations = (
				3990BABF22C6BD1300D88DC1 /* Debug */,
				3990BAC022C6BD1300D88DC1 /* Release */,
			);
			defaultConfigurationIsVisible = 0;
			defaultConfigurationName = Release;
		};
/* End XCConfigurationList section */
	};
	rootObject = 3990BAA422C6BD1200D88DC1 /* Project object */;
}
